
Microsoft Visual Studio Solution File, Format Version 12.00
# Visual Studio 15
VisualStudioVersion = 15.0.28307.271
MinimumVisualStudioVersion = 10.0.40219.1
Project("{8BC9CEB8-8B4A-11D0-8D11-00A0C91BC942}") = "HeapSort", "HeapSort\HeapSort.vcxproj", "{5F6B1DEE-482D-42D3-8033-8CE863D789AA}"
EndProject
Global
	GlobalSection(SolutionConfigurationPlatforms) = preSolution
		Debug|x64 = Debug|x64
		Debug|x86 = Debug|x86
		Release|x64 = Release|x64
		Release|x86 = Release|x86
	EndGlobalSection
	GlobalSection(ProjectConfigurationPlatforms) = postSolution
		{5F6B1DEE-482D-42D3-8033-8CE863D789AA}.Debug|x64.ActiveCfg = Debug|x64
		{5F6B1DEE-482D-42D3-8033-8CE863D789AA}.Debug|x64.Build.0 = Debug|x64
		{5F6B1DEE-482D-42D3-8033-8CE863D789AA}.Debug|x86.ActiveCfg = Debug|Win32
		{5F6B1DEE-482D-42D3-8033-8CE863D789AA}.Debug|x86.Build.0 = Debug|Win32
		{5F6B1DEE-482D-42D3-8033-8CE863D789AA}.Release|x64.ActiveCfg = Release|x64
		{5F6B1DEE-482D-42D3-8033-8CE863D789AA}.Release|x64.Build.0 = Release|x64
		{5F6B1DEE-482D-42D3-8033-8CE863D789AA}.Release|x86.ActiveCfg = Release|Win32
		{5F6B1DEE-482D-42D3-8033-8CE863D789AA}.Release|x86.Build.0 = Release|Win32
	EndGlobalSection
	GlobalSection(SolutionProperties) = preSolution
		HideSolutionNode = FALSE
	EndGlobalSection
	GlobalSection(ExtensibilityGlobals) = postSolution
		SolutionGuid = {FBB85CBF-D36A-4B0C-931C-45B8ABB02354}
	EndGlobalSection
EndGlobal
