
Microsoft Visual Studio Solution File, Format Version 12.00
# Visual Studio 15
VisualStudioVersion = 15.0.28307.271
MinimumVisualStudioVersion = 10.0.40219.1
Project("{8BC9CEB8-8B4A-11D0-8D11-00A0C91BC942}") = "InsertionSort_List", "InsertionSort_List\InsertionSort_List.vcxproj", "{3FA35EC5-AEB9-4337-9AB8-1E288071FB67}"
EndProject
Global
	GlobalSection(SolutionConfigurationPlatforms) = preSolution
		Debug|x64 = Debug|x64
		Debug|x86 = Debug|x86
		Release|x64 = Release|x64
		Release|x86 = Release|x86
	EndGlobalSection
	GlobalSection(ProjectConfigurationPlatforms) = postSolution
		{3FA35EC5-AEB9-4337-9AB8-1E288071FB67}.Debug|x64.ActiveCfg = Debug|x64
		{3FA35EC5-AEB9-4337-9AB8-1E288071FB67}.Debug|x64.Build.0 = Debug|x64
		{3FA35EC5-AEB9-4337-9AB8-1E288071FB67}.Debug|x86.ActiveCfg = Debug|Win32
		{3FA35EC5-AEB9-4337-9AB8-1E288071FB67}.Debug|x86.Build.0 = Debug|Win32
		{3FA35EC5-AEB9-4337-9AB8-1E288071FB67}.Release|x64.ActiveCfg = Release|x64
		{3FA35EC5-AEB9-4337-9AB8-1E288071FB67}.Release|x64.Build.0 = Release|x64
		{3FA35EC5-AEB9-4337-9AB8-1E288071FB67}.Release|x86.ActiveCfg = Release|Win32
		{3FA35EC5-AEB9-4337-9AB8-1E288071FB67}.Release|x86.Build.0 = Release|Win32
	EndGlobalSection
	GlobalSection(SolutionProperties) = preSolution
		HideSolutionNode = FALSE
	EndGlobalSection
	GlobalSection(ExtensibilityGlobals) = postSolution
		SolutionGuid = {1481F8FE-573D-4FE7-A6CA-2AF529A45115}
	EndGlobalSection
EndGlobal
